
Microsoft Visual Studio Solution File, Format Version 12.00
# Visual Studio 2013
VisualStudioVersion = 12.0.31101.0
MinimumVisualStudioVersion = 10.0.40219.1
Project("{FAE04EC0-301F-11D3-BF4B-00C04F79EFBC}") = "FriendlyTime", "FriendlyTime\FriendlyTime.csproj", "{120E6984-8C59-463D-A6B9-A68901293CDD}"
EndProject
Project("{FAE04EC0-301F-11D3-BF4B-00C04F79EFBC}") = "FriendlyTimeTests", "FriendlyTimeTests\FriendlyTimeTests.csproj", "{A688B33A-94C8-4DDF-8367-D8ABC44E5526}"
EndProject
Global
	GlobalSection(SolutionConfigurationPlatforms) = preSolution
		Debug|Any CPU = Debug|Any CPU
		Release|Any CPU = Release|Any CPU
	EndGlobalSection
	GlobalSection(ProjectConfigurationPlatforms) = postSolution
		{120E6984-8C59-463D-A6B9-A68901293CDD}.Debug|Any CPU.ActiveCfg = Debug|Any CPU
		{120E6984-8C59-463D-A6B9-A68901293CDD}.Debug|Any CPU.Build.0 = Debug|Any CPU
		{120E6984-8C59-463D-A6B9-A68901293CDD}.Release|Any CPU.ActiveCfg = Release|Any CPU
		{120E6984-8C59-463D-A6B9-A68901293CDD}.Release|Any CPU.Build.0 = Release|Any CPU
		{A688B33A-94C8-4DDF-8367-D8ABC44E5526}.Debug|Any CPU.ActiveCfg = Debug|Any CPU
		{A688B33A-94C8-4DDF-8367-D8ABC44E5526}.Debug|Any CPU.Build.0 = Debug|Any CPU
		{A688B33A-94C8-4DDF-8367-D8ABC44E5526}.Release|Any CPU.ActiveCfg = Release|Any CPU
		{A688B33A-94C8-4DDF-8367-D8ABC44E5526}.Release|Any CPU.Build.0 = Release|Any CPU
	EndGlobalSection
	GlobalSection(SolutionProperties) = preSolution
		HideSolutionNode = FALSE
	EndGlobalSection
EndGlobal
